
Microsoft Visual Studio Solution File, Format Version 12.00
# Visual Studio 14
VisualStudioVersion = 14.0.25123.0
MinimumVisualStudioVersion = 10.0.40219.1
Project("{75A251F6-F9BD-42D7-9D26-306FB7CE7741}") = "Sitecore.Support.154332", "Sitecore.Support.154332\Sitecore.Support.154332.csproj", "{12D345EE-01AA-4BBE-80FC-66CED11CED54}"
EndProject
Global
	GlobalSection(SolutionConfigurationPlatforms) = preSolution
		Debug|Any CPU = Debug|Any CPU
		Release|Any CPU = Release|Any CPU
	EndGlobalSection
	GlobalSection(ProjectConfigurationPlatforms) = postSolution
		{12D345EE-01AA-4BBE-80FC-66CED11CED54}.Debug|Any CPU.ActiveCfg = Debug|Any CPU
		{12D345EE-01AA-4BBE-80FC-66CED11CED54}.Debug|Any CPU.Build.0 = Debug|Any CPU
		{12D345EE-01AA-4BBE-80FC-66CED11CED54}.Release|Any CPU.ActiveCfg = Release|Any CPU
		{12D345EE-01AA-4BBE-80FC-66CED11CED54}.Release|Any CPU.Build.0 = Release|Any CPU
	EndGlobalSection
	GlobalSection(SolutionProperties) = preSolution
		HideSolutionNode = FALSE
	EndGlobalSection
EndGlobal
